# THIS IS AN AUTOGENERATED FILE. DO NOT EDIT THIS FILE DIRECTLY.
# yarn lockfile v1


"@babel/code-frame@^7.0.0":
  version "7.0.0"
  resolved "https://registry.yarnpkg.com/@babel/code-frame/-/code-frame-7.0.0.tgz#06e2ab19bdb535385559aabb5ba59729482800f8"
  integrity sha512-OfC2uemaknXr87bdLUkWog7nYuliM9Ij5HUcajsVcMCpQrcLmtxRbVFTIqmcSkSeYRBFBRxs2FiUqFJDLdiebA==
  dependencies:
    "@babel/highlight" "^7.0.0"

"@babel/highlight@^7.0.0":
  version "7.0.0"
  resolved "https://registry.yarnpkg.com/@babel/highlight/-/highlight-7.0.0.tgz#f710c38c8d458e6dd9a201afb637fcb781ce99e4"
  integrity sha512-UFMC4ZeFC48Tpvj7C8UgLvtkaUuovQX+5xNWrsIoMG8o2z+XFKjKaN9iVmS84dPwVN00W4wPmqvYoZF3EGAsfw==
  dependencies:
    chalk "^2.0.0"
    esutils "^2.0.2"
    js-tokens "^4.0.0"

"@pixi/accessibility@^5.0.2":
  version "5.0.2"
  resolved "https://registry.yarnpkg.com/@pixi/accessibility/-/accessibility-5.0.2.tgz#a45fc7f6801b56702102e56fa81d4caa9177520a"
  integrity sha512-oROnDkRIfSnI+ZogIlhOjTlvkAZH+jLqvV2ab2rzDIMG1i4CYUez+cx5P5b/4VRrSLLZWepE28d++utCDBxPwA==
  dependencies:
    "@pixi/core" "^5.0.2"
    "@pixi/display" "^5.0.1"
    "@pixi/utils" "^5.0.1"

"@pixi/app@^5.0.2":
  version "5.0.2"
  resolved "https://registry.yarnpkg.com/@pixi/app/-/app-5.0.2.tgz#c8b7caf49846da3e0c7b6e61eb85e54bd52545ac"
  integrity sha512-5H4h+UzlCXf2RwkegyK5D56rSym6rRhwWbNBcpu5f6VqySyTB16pnNfLs1yPfwE+CxhBAes1XawJf6U1CE/9mQ==
  dependencies:
    "@pixi/core" "^5.0.2"
    "@pixi/display" "^5.0.1"

"@pixi/constants@^5.0.0-rc.3":
  version "5.0.0-rc.3"
  resolved "https://registry.yarnpkg.com/@pixi/constants/-/constants-5.0.0-rc.3.tgz#0f7236bd5392b68aca7c981608310ca25e481861"
  integrity sha512-PrMmpD6EcQpwx4UkPnYcPuk63oqW3LG2Y+gFMEWVO0nBrkVw0JY/5uwJ9wRz0AiQotFdpd/AmMC3mZl8y1l7jw==

"@pixi/core@^5.0.2":
  version "5.0.2"
  resolved "https://registry.yarnpkg.com/@pixi/core/-/core-5.0.2.tgz#c3091735d5ed579f5f74164de66d84ebe96a7021"
  integrity sha512-76ouZ9oxFb0vnYXP98A4PXYaw5Ey0NxG0XdiD7oRdbrE79yiqaxmQK9q+7J9f3rzrHbqhZWut8OiQAHnzvhPNw==
  dependencies:
    "@pixi/constants" "^5.0.0-rc.3"
    "@pixi/display" "^5.0.1"
    "@pixi/math" "^5.0.0-rc.3"
    "@pixi/runner" "^5.0.0"
    "@pixi/settings" "^5.0.1"
    "@pixi/ticker" "^5.0.1"
    "@pixi/utils" "^5.0.1"

"@pixi/display@^5.0.1":
  version "5.0.1"
  resolved "https://registry.yarnpkg.com/@pixi/display/-/display-5.0.1.tgz#727d47d2ebcbdb2e2f3bcd68137f74c694861407"
  integrity sha512-TldN/3ksgsZdKwmqhbjnVEVW3YaryyRxB5DD6Q+qNjqdjNsPBsfYcMPOax+J9sjdjz6cAVa2xG3f2b4za0oBJw==
  dependencies:
    "@pixi/math" "^5.0.0-rc.3"
    "@pixi/settings" "^5.0.1"
    "@pixi/utils" "^5.0.1"

"@pixi/extract@^5.0.2":
  version "5.0.2"
  resolved "https://registry.yarnpkg.com/@pixi/extract/-/extract-5.0.2.tgz#7a050fdb04a43fcba1ae10abf974a067e08d1661"
  integrity sha512-9mQtuWcZ10X9kK+HnpwuIpjSCi9pJi4ZKW8bkNkUxyGOqzpXFiCEXSmqR9JqbhABg1BrG4mdX9mZeYcXikZ44Q==
  dependencies:
    "@pixi/core" "^5.0.2"
    "@pixi/math" "^5.0.0-rc.3"
    "@pixi/utils" "^5.0.1"

"@pixi/filter-alpha@^5.0.2":
  version "5.0.2"
  resolved "https://registry.yarnpkg.com/@pixi/filter-alpha/-/filter-alpha-5.0.2.tgz#318caac1761ce35afd53108367e47d3e11c44495"
  integrity sha512-6BaUBnlgziP2p4ajzMD4Jwqpwa/fV6PrB0hZyLwI5KJ57/RW3/RX/qLFY7N1ciFYbN+ijYFPcTBkAOcShXSwTg==
  dependencies:
    "@pixi/core" "^5.0.2"

"@pixi/filter-blur@^5.0.2":
  version "5.0.2"
  resolved "https://registry.yarnpkg.com/@pixi/filter-blur/-/filter-blur-5.0.2.tgz#af2a463993722ce6e80ab7934e57532ab7105925"
  integrity sha512-3LiLFgnoTjyxdZEzpUrgtWEXTQ8OX6yFh9Uvz7OhvJJJPl/TAPsZqdu1SCcVmtt/cRX4OBGx952PcFENIDa0Pg==
  dependencies:
    "@pixi/core" "^5.0.2"
    "@pixi/settings" "^5.0.1"

"@pixi/filter-color-matrix@^5.0.2":
  version "5.0.2"
  resolved "https://registry.yarnpkg.com/@pixi/filter-color-matrix/-/filter-color-matrix-5.0.2.tgz#b9698144783d16ed4aa22b80cea44b9441ab4841"
  integrity sha512-Czshk8yx08C4aWtOUOeROKI+xtJP8je6+8vClM5atV1+lJXVyNj5Y+8evyH4Z8Tvk5oVSbc7bstquEgon19vFw==
  dependencies:
    "@pixi/core" "^5.0.2"

"@pixi/filter-displacement@^5.0.2":
  version "5.0.2"
  resolved "https://registry.yarnpkg.com/@pixi/filter-displacement/-/filter-displacement-5.0.2.tgz#4baf5e49b5cc39a1ca7718becd0a92b970a0c67a"
  integrity sha512-XhI1G9YUURmI1JnC2DcvugbPIu5g1osRUdG1nC8OyMcoUgNvJMU0csAeew3/D2uAr9MJ3B7wsUxYQOdxybe0uA==
  dependencies:
    "@pixi/core" "^5.0.2"
    "@pixi/math" "^5.0.0-rc.3"

"@pixi/filter-fxaa@^5.0.2":
  version "5.0.2"
  resolved "https://registry.yarnpkg.com/@pixi/filter-fxaa/-/filter-fxaa-5.0.2.tgz#d9f72f7d5d512c00728dc9333b4e1053aa4593eb"
  integrity sha512-3woEwSmz4ZQ8l//PzvAB8PlI86a521NsqVN6/dqgJhRcU8KsU1FSNod18cYt2MvZEm3aidggfZjPJyVHo4D5aQ==
  dependencies:
    "@pixi/core" "^5.0.2"

"@pixi/filter-noise@^5.0.2":
  version "5.0.2"
  resolved "https://registry.yarnpkg.com/@pixi/filter-noise/-/filter-noise-5.0.2.tgz#aec7eb315fb034aff86cf16a63f5395e7e695e18"
  integrity sha512-6fH4B8mhBMvESLnS+sEV+cPEfnsUicPx+rjzdxReab8fXBFZVW6d7tZX9jQe8D+wg7YR+9g7VQlklsbscKaEdA==
  dependencies:
    "@pixi/core" "^5.0.2"

"@pixi/graphics@^5.0.2":
  version "5.0.2"
  resolved "https://registry.yarnpkg.com/@pixi/graphics/-/graphics-5.0.2.tgz#5fd6d9850f9e49d02f0523b91a92741af17d17af"
  integrity sha512-GAbDaGaB0UqpvOSiMi/N7gdVmyTVvjFUiFGFlbYW3TVlhY7LgpWlLD9OCkpEzTGnQ9EURPvANMLC9OuFseANhw==
  dependencies:
    "@pixi/constants" "^5.0.0-rc.3"
    "@pixi/core" "^5.0.2"
    "@pixi/display" "^5.0.1"
    "@pixi/math" "^5.0.0-rc.3"
    "@pixi/sprite" "^5.0.2"
    "@pixi/utils" "^5.0.1"

"@pixi/interaction@^5.0.2":
  version "5.0.2"
  resolved "https://registry.yarnpkg.com/@pixi/interaction/-/interaction-5.0.2.tgz#e3bbac1376b0b165dcb181384695bb47a2ffcc31"
  integrity sha512-cJT6YQPoTgFXznOpBQae6OnuPhKejBW8CYfWqD5NL4nhRPZ/sP6mJVGPuVw/t0QlyxheiLcDr1Z2/XUmfJx1mg==
  dependencies:
    "@pixi/core" "^5.0.2"
    "@pixi/display" "^5.0.1"
    "@pixi/math" "^5.0.0-rc.3"
    "@pixi/ticker" "^5.0.1"
    "@pixi/utils" "^5.0.1"

"@pixi/loaders@^5.0.2":
  version "5.0.2"
  resolved "https://registry.yarnpkg.com/@pixi/loaders/-/loaders-5.0.2.tgz#ba56b6b041edcd3916afcc0e73bcc24992920478"
  integrity sha512-U7Sb1nFeLoyiuPRGBOvh2Rx3tpuM3OfTzdBGzfo2DCeiorlv9buL/2nj+f2F/S4vS56jOduM4jRFd3OjfoXrUg==
  dependencies:
    "@pixi/core" "^5.0.2"
    "@pixi/utils" "^5.0.1"
    resource-loader "^2.2.4"

"@pixi/math@^5.0.0-rc.3":
  version "5.0.0-rc.3"
  resolved "https://registry.yarnpkg.com/@pixi/math/-/math-5.0.0-rc.3.tgz#847e8cf834dc4238ec3cf0ec185ea37be85ba6aa"
  integrity sha512-of/s2hHwTAN4wOxnLYQDIJftWFJgZ+S24U5N/fP6RHs6OQyegOX3q7f9uvwa+c6ssFNzGpPIF0Df7U2yKZdPFQ==

"@pixi/mesh-extras@^5.0.2":
  version "5.0.2"
  resolved "https://registry.yarnpkg.com/@pixi/mesh-extras/-/mesh-extras-5.0.2.tgz#ec6204bb084561a078ea4d14c1b13925222d45df"
  integrity sha512-NFFZi+KE7oge80AynBvhYohNZHXe9o9So2eYtC52OC5KRIywONhiZH7DwIuvasSy6nZNBcxb69d1S5Y0yPUtZg==
  dependencies:
    "@pixi/constants" "^5.0.0-rc.3"
    "@pixi/core" "^5.0.2"
    "@pixi/math" "^5.0.0-rc.3"
    "@pixi/mesh" "^5.0.2"
    "@pixi/utils" "^5.0.1"

"@pixi/mesh@^5.0.2":
  version "5.0.2"
  resolved "https://registry.yarnpkg.com/@pixi/mesh/-/mesh-5.0.2.tgz#28b1ddc80c1130249571081febb435d9a77ca6ef"
  integrity sha512-EaFXhF3EbbkvHopWsKISpN4nj17Qb2oHKMgLpM810I1w3q4fdRHkF1ipTgGWzIHqkqu/XWoUg62GxEEyGcqLpA==
  dependencies:
    "@pixi/constants" "^5.0.0-rc.3"
    "@pixi/core" "^5.0.2"
    "@pixi/display" "^5.0.1"
    "@pixi/math" "^5.0.0-rc.3"
    "@pixi/settings" "^5.0.1"
    "@pixi/utils" "^5.0.1"

"@pixi/mixin-cache-as-bitmap@^5.0.2":
  version "5.0.2"
  resolved "https://registry.yarnpkg.com/@pixi/mixin-cache-as-bitmap/-/mixin-cache-as-bitmap-5.0.2.tgz#207fee50a85855a813878b7c333c524de487957a"
  integrity sha512-G62vaLV2XJWnuJbH65uoX0wnOkHFwODAerMkKGDeHhdPdT/zzVIdxkDp2ccrlMaxf9eP7khHGOn2g/8KLZ7h9A==
  dependencies:
    "@pixi/core" "^5.0.2"
    "@pixi/display" "^5.0.1"
    "@pixi/math" "^5.0.0-rc.3"
    "@pixi/settings" "^5.0.1"
    "@pixi/sprite" "^5.0.2"
    "@pixi/utils" "^5.0.1"

"@pixi/mixin-get-child-by-name@^5.0.1":
  version "5.0.1"
  resolved "https://registry.yarnpkg.com/@pixi/mixin-get-child-by-name/-/mixin-get-child-by-name-5.0.1.tgz#ff139fc8e07f113277a2e1f1d2ec100b3b72e84f"
  integrity sha512-jIxy2Mi7+ljalwSDKIDoLCc0+4Wst0ywqT1ZHALYAASylSC+fp38qGmE2GY0qW1fLaOeG6SUeunUyW5ukASFTw==
  dependencies:
    "@pixi/display" "^5.0.1"

"@pixi/mixin-get-global-position@^5.0.1":
  version "5.0.1"
  resolved "https://registry.yarnpkg.com/@pixi/mixin-get-global-position/-/mixin-get-global-position-5.0.1.tgz#9ca6681525da451841c6d5049e2d7e07b041cadc"
  integrity sha512-yPEM5ZbdPePl87f1nlEJXA9Wt1hiR5kqBgtQ2j10Igm6DBBViCANNa7NpHdr2KaLtZh7NLKldoBmqzoaG2SiXw==
  dependencies:
    "@pixi/display" "^5.0.1"
    "@pixi/math" "^5.0.0-rc.3"

"@pixi/particles@^5.0.2":
  version "5.0.2"
  resolved "https://registry.yarnpkg.com/@pixi/particles/-/particles-5.0.2.tgz#d4742b22cc38450b88d22e87b59f4c4f32e4a4d5"
  integrity sha512-BNkHVy1DqPGfW25qwHKkJ9ABzaG4L1Mdtz+4ajCi6WZz2Y6HFAG8kcFG8B9stmZ9GwpasxpSkxbPyd9FY7UdKA==
  dependencies:
    "@pixi/constants" "^5.0.0-rc.3"
    "@pixi/core" "^5.0.2"
    "@pixi/display" "^5.0.1"
    "@pixi/math" "^5.0.0-rc.3"
    "@pixi/utils" "^5.0.1"

"@pixi/polyfill@^5.0.0":
  version "5.0.0"
  resolved "https://registry.yarnpkg.com/@pixi/polyfill/-/polyfill-5.0.0.tgz#2c39c7b2aec65f6f5611c1d8b0b32e67492e67f5"
  integrity sha512-3S+rZ0JtAvkGMluXTnE0UrN47IkPqQ9wluLfQBbtz7U0ZNJK7x/k/JmMEkbSoz7n39wfEfcEggqII+Nmi4gf6A==
  dependencies:
    es6-promise-polyfill "^1.2.0"
    object-assign "^4.1.1"

"@pixi/prepare@^5.0.2":
  version "5.0.2"
  resolved "https://registry.yarnpkg.com/@pixi/prepare/-/prepare-5.0.2.tgz#2ee1b5b7a3adebb0d9a2c482a064c2e07fc0d429"
  integrity sha512-p07wty4qXgtSngI2gOPp8MslDzNnr87RiMNKTRCoqlc8vfp5ARVriMAqlOkM85kG4iydPrBjMharVSf9380aqg==
  dependencies:
    "@pixi/core" "^5.0.2"
    "@pixi/display" "^5.0.1"
    "@pixi/graphics" "^5.0.2"
    "@pixi/settings" "^5.0.1"
    "@pixi/text" "^5.0.2"
    "@pixi/ticker" "^5.0.1"

"@pixi/runner@^5.0.0":
  version "5.0.0"
  resolved "https://registry.yarnpkg.com/@pixi/runner/-/runner-5.0.0.tgz#1457e9f520310ac644c02b1c57c1fe3e0a1feb4f"
  integrity sha512-VytqTmLpNLgyp4m463R4asahtAyrvasuCvFiigX4/rOZsndrujYVCdH9xCO6Yy6RE7PR1Jflmlx/xV2GE9QKaw==

"@pixi/settings@^5.0.1":
  version "5.0.1"
  resolved "https://registry.yarnpkg.com/@pixi/settings/-/settings-5.0.1.tgz#a8ab7b0b8d99d8c98f30c35220a9dde42d4ba149"
  integrity sha512-H2uOTOLrwW+ZS07Nc3vEqUKlugKQ/QV9GSTGz33RObwfTS/PidlR/Ucow+n06DwnZHvhqJCvS+z8eieXfHRl6g==
  dependencies:
    ismobilejs "^0.5.1"

"@pixi/sprite-animated@^5.0.2":
  version "5.0.2"
  resolved "https://registry.yarnpkg.com/@pixi/sprite-animated/-/sprite-animated-5.0.2.tgz#6717fc38f5be90e785460f86e57fdfa51d68634a"
  integrity sha512-2sR4/93TCNsnsP7txsQ/1H3XcxpHdbw5JngtHNPzsq5vDnkyHlEenFqNP4rbwqE4zgOtBYxGY/lXVgObZEOMxw==
  dependencies:
    "@pixi/core" "^5.0.2"
    "@pixi/sprite" "^5.0.2"
    "@pixi/ticker" "^5.0.1"

"@pixi/sprite-tiling@^5.0.2":
  version "5.0.2"
  resolved "https://registry.yarnpkg.com/@pixi/sprite-tiling/-/sprite-tiling-5.0.2.tgz#dbc88c67132cab26efa5f185f59c39e9048e881c"
  integrity sha512-V9zIRz+I82W+pe1dAnHP24GsPxfqtQghpxnh9BtyDBCvfYiid38phwWdYVDrtW3oKme834Tlk9eJc2BIVHiLOQ==
  dependencies:
    "@pixi/constants" "^5.0.0-rc.3"
    "@pixi/core" "^5.0.2"
    "@pixi/display" "^5.0.1"
    "@pixi/math" "^5.0.0-rc.3"
    "@pixi/sprite" "^5.0.2"
    "@pixi/utils" "^5.0.1"

"@pixi/sprite@^5.0.2":
  version "5.0.2"
  resolved "https://registry.yarnpkg.com/@pixi/sprite/-/sprite-5.0.2.tgz#5bf9ed89768620b7729e433302b678e4581c4c63"
  integrity sha512-OoxP1hPzcyoyd6OBAfAY5fE+ucBtPO5krj5WwsyOLYKTAfLmAv3sOlptGWwe+M/HSZ8OyF4DrJ7/3IBfIv8uAA==
  dependencies:
    "@pixi/constants" "^5.0.0-rc.3"
    "@pixi/core" "^5.0.2"
    "@pixi/display" "^5.0.1"
    "@pixi/math" "^5.0.0-rc.3"
    "@pixi/settings" "^5.0.1"
    "@pixi/utils" "^5.0.1"

"@pixi/spritesheet@^5.0.2":
  version "5.0.2"
  resolved "https://registry.yarnpkg.com/@pixi/spritesheet/-/spritesheet-5.0.2.tgz#0101010edeed03b5a897567c1f562e13d108c055"
  integrity sha512-8dONvL08WaJco160sLix6GiPH6iaqmXtsqY5Pv/KKcI/bWk6JuEEmp4/Dz0TSVy65rCOoCpf7qWKUFtv46w1nQ==
  dependencies:
    "@pixi/core" "^5.0.2"
    "@pixi/loaders" "^5.0.2"
    "@pixi/math" "^5.0.0-rc.3"
    "@pixi/utils" "^5.0.1"

"@pixi/text-bitmap@^5.0.2":
  version "5.0.2"
  resolved "https://registry.yarnpkg.com/@pixi/text-bitmap/-/text-bitmap-5.0.2.tgz#004919d2c8f9d130c418344b78ed9a42caa186af"
  integrity sha512-u4XMxjGIpcFSWbZunaFwhIRgOHGewW5BS1+LMMR5YFBP9t2a3hlRoIa2JEAfI8fXBerF1n5KljriTojFuxfrpA==
  dependencies:
    "@pixi/core" "^5.0.2"
    "@pixi/display" "^5.0.1"
    "@pixi/loaders" "^5.0.2"
    "@pixi/math" "^5.0.0-rc.3"
    "@pixi/settings" "^5.0.1"
    "@pixi/sprite" "^5.0.2"
    "@pixi/utils" "^5.0.1"

"@pixi/text@^5.0.2":
  version "5.0.2"
  resolved "https://registry.yarnpkg.com/@pixi/text/-/text-5.0.2.tgz#1bace120430ec159f75bab5cea3e8e204952df87"
  integrity sha512-McZ4kUUr/xewvDJd3i0Z0yA5WxzyXWkqAWNJla1DLKA98soBDwq/k2nFjIGhcPgcAfC4ahrxky0PbAYqOP5SgQ==
  dependencies:
    "@pixi/core" "^5.0.2"
    "@pixi/math" "^5.0.0-rc.3"
    "@pixi/settings" "^5.0.1"
    "@pixi/sprite" "^5.0.2"
    "@pixi/utils" "^5.0.1"

"@pixi/ticker@^5.0.1":
  version "5.0.1"
  resolved "https://registry.yarnpkg.com/@pixi/ticker/-/ticker-5.0.1.tgz#5d0f96cb98edc9995d2fb38d5bbb4564ade1e60d"
  integrity sha512-T00DKK+l0WFj/c5V6e/3KawBoIIiEHFLKyurPEMtUL/MzF8FDvF0uX+TRbiieBMkqrHO/sSfENTpzhTYV72jdw==
  dependencies:
    "@pixi/settings" "^5.0.1"

"@pixi/utils@^5.0.1":
  version "5.0.1"
  resolved "https://registry.yarnpkg.com/@pixi/utils/-/utils-5.0.1.tgz#ddcd5de4604ec0ca1d3155ed8bb6af10aa16cbb4"
  integrity sha512-2cmmDBmJkT0I8E7hEnSXtX1YxmD7nQ6752V4CBu91EzLZ8wYbRFU831gobTxWYvgM7gUeNezwx9snayLEDRFcQ==
  dependencies:
    "@pixi/constants" "^5.0.0-rc.3"
    "@pixi/settings" "^5.0.1"
    earcut "^2.1.5"
    eventemitter3 "^3.1.0"
    url "^0.11.0"

"@types/prop-types@*":
  version "15.7.1"
  resolved "https://registry.yarnpkg.com/@types/prop-types/-/prop-types-15.7.1.tgz#f1a11e7babb0c3cad68100be381d1e064c68f1f6"
  integrity sha512-CFzn9idOEpHrgdw8JsoTkaDDyRWk1jrzIV8djzcgpq0y9tG4B4lFT+Nxh52DVpDXV+n4+NPNv7M1Dj5uMp6XFg==

"@types/react-dom@^16.8.4":
  version "16.8.4"
  resolved "https://registry.yarnpkg.com/@types/react-dom/-/react-dom-16.8.4.tgz#7fb7ba368857c7aa0f4e4511c4710ca2c5a12a88"
  integrity sha512-eIRpEW73DCzPIMaNBDP5pPIpK1KXyZwNgfxiVagb5iGiz6da+9A5hslSX6GAQKdO7SayVCS/Fr2kjqprgAvkfA==
  dependencies:
    "@types/react" "*"

"@types/react@*", "@types/react@^16.8.17":
  version "16.8.17"
  resolved "https://registry.yarnpkg.com/@types/react/-/react-16.8.17.tgz#f287b76a5badb93bc9aa3f54521a3eb53d6c2374"
  integrity sha512-pln3mgc6VfkNg92WXODul/ONo140huK9OMsx62GlBlZ2lvjNK86PQJhYMPLO1i66aF5O9OPyZefogvNltBIszA==
  dependencies:
    "@types/prop-types" "*"
    csstype "^2.2.0"

ansi-styles@^3.2.1:
  version "3.2.1"
  resolved "https://registry.yarnpkg.com/ansi-styles/-/ansi-styles-3.2.1.tgz#41fbb20243e50b12be0f04b8dedbf07520ce841d"
  integrity sha512-VT0ZI6kZRdTh8YyJw3SMbYm/u+NqfsAxEpWO0Pf9sq8/e94WxxOpPKx9FR1FlyCtOVDNOQ+8ntlqFxiRc+r5qA==
  dependencies:
    color-convert "^1.9.0"

argparse@^1.0.7:
  version "1.0.10"
  resolved "https://registry.yarnpkg.com/argparse/-/argparse-1.0.10.tgz#bcd6791ea5ae09725e17e5ad988134cd40b3d911"
  integrity sha512-o5Roy6tNG4SL/FOkCAN6RzjiakZS25RLYFrcMttJqbdd8BWrnA+fGz57iN5Pb06pvBGvl5gQ0B48dJlslXvoTg==
  dependencies:
    sprintf-js "~1.0.2"

balanced-match@^1.0.0:
  version "1.0.0"
  resolved "https://registry.yarnpkg.com/balanced-match/-/balanced-match-1.0.0.tgz#89b4d199ab2bee49de164ea02b89ce462d71b767"
  integrity sha1-ibTRmasr7kneFk6gK4nORi1xt2c=

brace-expansion@^1.1.7:
  version "1.1.11"
  resolved "https://registry.yarnpkg.com/brace-expansion/-/brace-expansion-1.1.11.tgz#3c7fcbf529d87226f3d2f52b966ff5271eb441dd"
  integrity sha512-iCuPHDFgrHX7H2vEI/5xpz07zSHB00TpugqhmYtVmMO6518mCuRMoOYFldEBl0g187ufozdaHgWKcYFb61qGiA==
  dependencies:
    balanced-match "^1.0.0"
    concat-map "0.0.1"

builtin-modules@^1.1.1:
  version "1.1.1"
  resolved "https://registry.yarnpkg.com/builtin-modules/-/builtin-modules-1.1.1.tgz#270f076c5a72c02f5b65a47df94c5fe3a278892f"
  integrity sha1-Jw8HbFpywC9bZaR9+Uxf46J4iS8=

chalk@^2.0.0, chalk@^2.3.0:
  version "2.4.2"
  resolved "https://registry.yarnpkg.com/chalk/-/chalk-2.4.2.tgz#cd42541677a54333cf541a49108c1432b44c9424"
  integrity sha512-Mti+f9lpJNcwF4tWV8/OrTTtF1gZi+f8FqlyAdouralcFWFQWF2+NgCHShjkCb+IFBLq9buZwE1xckQU4peSuQ==
  dependencies:
    ansi-styles "^3.2.1"
    escape-string-regexp "^1.0.5"
    supports-color "^5.3.0"

color-convert@^1.9.0:
  version "1.9.3"
  resolved "https://registry.yarnpkg.com/color-convert/-/color-convert-1.9.3.tgz#bb71850690e1f136567de629d2d5471deda4c1e8"
  integrity sha512-QfAUtd+vFdAtFQcC8CCyYt1fYWxSqAiK2cSD6zDB8N3cpsEBAvRxp9zOGg6G/SHHJYAT88/az/IuDGALsNVbGg==
  dependencies:
    color-name "1.1.3"

color-name@1.1.3:
  version "1.1.3"
  resolved "https://registry.yarnpkg.com/color-name/-/color-name-1.1.3.tgz#a7d0558bd89c42f795dd42328f740831ca53bc25"
  integrity sha1-p9BVi9icQveV3UIyj3QIMcpTvCU=

commander@^2.12.1:
  version "2.20.0"
  resolved "https://registry.yarnpkg.com/commander/-/commander-2.20.0.tgz#d58bb2b5c1ee8f87b0d340027e9e94e222c5a422"
  integrity sha512-7j2y+40w61zy6YC2iRNpUe/NwhNyoXrYpHMrSunaMG64nRnaf96zO/KMQR4OyN/UnE5KLyEBnKHd4aG3rskjpQ==

concat-map@0.0.1:
  version "0.0.1"
  resolved "https://registry.yarnpkg.com/concat-map/-/concat-map-0.0.1.tgz#d8a96bd77fd68df7793a73036a3ba0d5405d477b"
  integrity sha1-2Klr13/Wjfd5OnMDajug1UBdR3s=

csstype@^2.2.0:
  version "2.6.4"
  resolved "https://registry.yarnpkg.com/csstype/-/csstype-2.6.4.tgz#d585a6062096e324e7187f80e04f92bd0f00e37f"
  integrity sha512-lAJUJP3M6HxFXbqtGRc0iZrdyeN+WzOWeY0q/VnFzI+kqVrYIzC7bWlKqCW7oCIdzoPkvfp82EVvrTlQ8zsWQg==

diff@^3.2.0:
  version "3.5.0"
  resolved "https://registry.yarnpkg.com/diff/-/diff-3.5.0.tgz#800c0dd1e0a8bfbc95835c202ad220fe317e5a12"
  integrity sha512-A46qtFgd+g7pDZinpnwiRJtxbC1hpgf0uzP3iG89scHk0AUC7A1TGxf5OiiOUv/JMZR8GOt8hL900hV0bOy5xA==

earcut@^2.1.5:
  version "2.1.5"
  resolved "https://registry.yarnpkg.com/earcut/-/earcut-2.1.5.tgz#829280a9a3a0f5fee0529f0a47c3e4eff09b21e4"
  integrity sha512-QFWC7ywTVLtvRAJTVp8ugsuuGQ5mVqNmJ1cRYeLrSHgP3nycr2RHTJob9OtM0v8ujuoKN0NY1a93J/omeTL1PA==

es6-promise-polyfill@^1.2.0:
  version "1.2.0"
  resolved "https://registry.yarnpkg.com/es6-promise-polyfill/-/es6-promise-polyfill-1.2.0.tgz#f38925f23cb3e3e8ce6cda8ff774fcebbb090cde"
  integrity sha1-84kl8jyz4+jObNqP93T867sJDN4=

escape-string-regexp@^1.0.5:
  version "1.0.5"
  resolved "https://registry.yarnpkg.com/escape-string-regexp/-/escape-string-regexp-1.0.5.tgz#1b61c0562190a8dff6ae3bb2cf0200ca130b86d4"
  integrity sha1-G2HAViGQqN/2rjuyzwIAyhMLhtQ=

esprima@^4.0.0:
  version "4.0.1"
  resolved "https://registry.yarnpkg.com/esprima/-/esprima-4.0.1.tgz#13b04cdb3e6c5d19df91ab6987a8695619b0aa71"
  integrity sha512-eGuFFw7Upda+g4p+QHvnW0RyTX/SVeJBDM/gCtMARO0cLuT2HcEKnTPvhjV6aGeqrCB/sbNop0Kszm0jsaWU4A==

esutils@^2.0.2:
  version "2.0.2"
  resolved "https://registry.yarnpkg.com/esutils/-/esutils-2.0.2.tgz#0abf4f1caa5bcb1f7a9d8acc6dea4faaa04bac9b"
  integrity sha1-Cr9PHKpbyx96nYrMbepPqqBLrJs=

eventemitter3@^3.1.0:
  version "3.1.2"
  resolved "https://registry.yarnpkg.com/eventemitter3/-/eventemitter3-3.1.2.tgz#2d3d48f9c346698fce83a85d7d664e98535df6e7"
  integrity sha512-tvtQIeLVHjDkJYnzf2dgVMxfuSGJeM/7UCG17TT4EumTfNtF+0nebF/4zWOIkCreAbtNqhGEboB6BWrwqNaw4Q==

fs.realpath@^1.0.0:
  version "1.0.0"
  resolved "https://registry.yarnpkg.com/fs.realpath/-/fs.realpath-1.0.0.tgz#1504ad2523158caa40db4a2787cb01411994ea4f"
  integrity sha1-FQStJSMVjKpA20onh8sBQRmU6k8=

glob@^7.1.1:
  version "7.1.4"
  resolved "https://registry.yarnpkg.com/glob/-/glob-7.1.4.tgz#aa608a2f6c577ad357e1ae5a5c26d9a8d1969255"
  integrity sha512-hkLPepehmnKk41pUGm3sYxoFs/umurYfYJCerbXEyFIWcAzvpipAgVkBqqT9RBKMGjnq6kMuyYwha6csxbiM1A==
  dependencies:
    fs.realpath "^1.0.0"
    inflight "^1.0.4"
    inherits "2"
    minimatch "^3.0.4"
    once "^1.3.0"
    path-is-absolute "^1.0.0"

has-flag@^3.0.0:
  version "3.0.0"
  resolved "https://registry.yarnpkg.com/has-flag/-/has-flag-3.0.0.tgz#b5d454dc2199ae225699f3467e5a07f3b955bafd"
  integrity sha1-tdRU3CGZriJWmfNGfloH87lVuv0=

inflight@^1.0.4:
  version "1.0.6"
  resolved "https://registry.yarnpkg.com/inflight/-/inflight-1.0.6.tgz#49bd6331d7d02d0c09bc910a1075ba8165b56df9"
  integrity sha1-Sb1jMdfQLQwJvJEKEHW6gWW1bfk=
  dependencies:
    once "^1.3.0"
    wrappy "1"

inherits@2:
  version "2.0.3"
  resolved "https://registry.yarnpkg.com/inherits/-/inherits-2.0.3.tgz#633c2c83e3da42a502f52466022480f4208261de"
  integrity sha1-Yzwsg+PaQqUC9SRmAiSA9CCCYd4=

ismobilejs@^0.5.1:
  version "0.5.1"
  resolved "https://registry.yarnpkg.com/ismobilejs/-/ismobilejs-0.5.1.tgz#0e3f825e29e32f84ad5ddbb60e9e04a894046488"
  integrity sha512-QX4STsOcBYqlTjVGuAdP1MiRVxtiUbRHOKH0v7Gn1EvfUVIQnrSdgCM4zB4VCZuIejnb2NUMUx0Bwd3EIG6yyA==

"js-tokens@^3.0.0 || ^4.0.0", js-tokens@^4.0.0:
  version "4.0.0"
  resolved "https://registry.yarnpkg.com/js-tokens/-/js-tokens-4.0.0.tgz#19203fb59991df98e3a287050d4647cdeaf32499"
  integrity sha512-RdJUflcE3cUzKiMqQgsCu06FPu9UdIJO0beYbPhHN4k6apgJtifcoCtT9bcxOpYBtpD2kCM6Sbzg4CausW/PKQ==

js-yaml@^3.13.0:
  version "3.13.1"
  resolved "https://registry.yarnpkg.com/js-yaml/-/js-yaml-3.13.1.tgz#aff151b30bfdfa8e49e05da22e7415e9dfa37847"
  integrity sha512-YfbcO7jXDdyj0DGxYVSlSeQNHbD7XPWvrVWeVUujrQEoZzWJIRrCPoyk6kL6IAjAG2IolMK4T0hNUe0HOUs5Jw==
  dependencies:
    argparse "^1.0.7"
    esprima "^4.0.0"

loose-envify@^1.1.0, loose-envify@^1.4.0:
  version "1.4.0"
  resolved "https://registry.yarnpkg.com/loose-envify/-/loose-envify-1.4.0.tgz#71ee51fa7be4caec1a63839f7e682d8132d30caf"
  integrity sha512-lyuxPGr/Wfhrlem2CL/UcnUc1zcqKAImBDzukY7Y5F/yQiNdko6+fRLevlw1HgMySw7f611UIY408EtxRSoK3Q==
  dependencies:
    js-tokens "^3.0.0 || ^4.0.0"

mini-signals@^1.1.1:
  version "1.2.0"
  resolved "https://registry.yarnpkg.com/mini-signals/-/mini-signals-1.2.0.tgz#45b08013c5fae51a24aa1a935cd317c9ed721d74"
  integrity sha1-RbCAE8X65RokqhqTXNMXye1yHXQ=

minimatch@^3.0.4:
  version "3.0.4"
  resolved "https://registry.yarnpkg.com/minimatch/-/minimatch-3.0.4.tgz#5166e286457f03306064be5497e8dbb0c3d32083"
  integrity sha512-yJHVQEhyqPLUTgt9B83PXu6W3rx4MvvHvSUvToogpwoGDOUQ+yDrR0HRot+yOCdCO7u4hX3pWft6kWBBcqh0UA==
  dependencies:
    brace-expansion "^1.1.7"

minimist@0.0.8:
  version "0.0.8"
  resolved "https://registry.yarnpkg.com/minimist/-/minimist-0.0.8.tgz#857fcabfc3397d2625b8228262e86aa7a011b05d"
  integrity sha1-hX/Kv8M5fSYluCKCYuhqp6ARsF0=

mkdirp@^0.5.1:
  version "0.5.1"
  resolved "https://registry.yarnpkg.com/mkdirp/-/mkdirp-0.5.1.tgz#30057438eac6cf7f8c4767f38648d6697d75c903"
  integrity sha1-MAV0OOrGz3+MR2fzhkjWaX11yQM=
  dependencies:
    minimist "0.0.8"

object-assign@^4.1.1:
  version "4.1.1"
  resolved "https://registry.yarnpkg.com/object-assign/-/object-assign-4.1.1.tgz#2109adc7965887cfc05cbbd442cac8bfbb360863"
  integrity sha1-IQmtx5ZYh8/AXLvUQsrIv7s2CGM=

once@^1.3.0:
  version "1.4.0"
  resolved "https://registry.yarnpkg.com/once/-/once-1.4.0.tgz#583b1aa775961d4b113ac17d9c50baef9dd76bd1"
  integrity sha1-WDsap3WWHUsROsF9nFC6753Xa9E=
  dependencies:
    wrappy "1"

parse-uri@^1.0.0:
  version "1.0.0"
  resolved "https://registry.yarnpkg.com/parse-uri/-/parse-uri-1.0.0.tgz#2872dcc22f1a797acde1583d8a0ac29552ddac20"
  integrity sha1-KHLcwi8aeXrN4Vg9igrClVLdrCA=

path-is-absolute@^1.0.0:
  version "1.0.1"
  resolved "https://registry.yarnpkg.com/path-is-absolute/-/path-is-absolute-1.0.1.tgz#174b9268735534ffbc7ace6bf53a5a9e1b5c5f5f"
  integrity sha1-F0uSaHNVNP+8es5r9TpanhtcX18=

path-parse@^1.0.6:
  version "1.0.6"
  resolved "https://registry.yarnpkg.com/path-parse/-/path-parse-1.0.6.tgz#d62dbb5679405d72c4737ec58600e9ddcf06d24c"
  integrity sha512-GSmOT2EbHrINBf9SR7CDELwlJ8AENk3Qn7OikK4nFYAu3Ote2+JYNVvkpAEQm3/TLNEJFD/xZJjzyxg3KBWOzw==

pixi.js@^5.0.2:
  version "5.0.2"
  resolved "https://registry.yarnpkg.com/pixi.js/-/pixi.js-5.0.2.tgz#42afe639e26853ef754839fc6351bd76221a3875"
  integrity sha512-tFqHWFvvfjU15hr325oSvXACOEjtgkZXWkM+66oQKhXN6fn1SaFnli2AlbHnwtjQFjZhaXg+vwVa90PbgfVIVA==
  dependencies:
    "@pixi/accessibility" "^5.0.2"
    "@pixi/app" "^5.0.2"
    "@pixi/constants" "^5.0.0-rc.3"
    "@pixi/core" "^5.0.2"
    "@pixi/display" "^5.0.1"
    "@pixi/extract" "^5.0.2"
    "@pixi/filter-alpha" "^5.0.2"
    "@pixi/filter-blur" "^5.0.2"
    "@pixi/filter-color-matrix" "^5.0.2"
    "@pixi/filter-displacement" "^5.0.2"
    "@pixi/filter-fxaa" "^5.0.2"
    "@pixi/filter-noise" "^5.0.2"
    "@pixi/graphics" "^5.0.2"
    "@pixi/interaction" "^5.0.2"
    "@pixi/loaders" "^5.0.2"
    "@pixi/math" "^5.0.0-rc.3"
    "@pixi/mesh" "^5.0.2"
    "@pixi/mesh-extras" "^5.0.2"
    "@pixi/mixin-cache-as-bitmap" "^5.0.2"
    "@pixi/mixin-get-child-by-name" "^5.0.1"
    "@pixi/mixin-get-global-position" "^5.0.1"
    "@pixi/particles" "^5.0.2"
    "@pixi/polyfill" "^5.0.0"
    "@pixi/prepare" "^5.0.2"
    "@pixi/runner" "^5.0.0"
    "@pixi/settings" "^5.0.1"
    "@pixi/sprite" "^5.0.2"
    "@pixi/sprite-animated" "^5.0.2"
    "@pixi/sprite-tiling" "^5.0.2"
    "@pixi/spritesheet" "^5.0.2"
    "@pixi/text" "^5.0.2"
    "@pixi/text-bitmap" "^5.0.2"
    "@pixi/ticker" "^5.0.1"
    "@pixi/utils" "^5.0.1"

prop-types@^15.6.2:
  version "15.7.2"
  resolved "https://registry.yarnpkg.com/prop-types/-/prop-types-15.7.2.tgz#52c41e75b8c87e72b9d9360e0206b99dcbffa6c5"
  integrity sha512-8QQikdH7//R2vurIJSutZ1smHYTcLpRWEOlHnzcWHmBYrOGUysKwSsrC89BCiFj3CbrfJ/nXFdJepOVrY1GCHQ==
  dependencies:
    loose-envify "^1.4.0"
    object-assign "^4.1.1"
    react-is "^16.8.1"

punycode@1.3.2:
  version "1.3.2"
  resolved "https://registry.yarnpkg.com/punycode/-/punycode-1.3.2.tgz#9653a036fb7c1ee42342f2325cceefea3926c48d"
  integrity sha1-llOgNvt8HuQjQvIyXM7v6jkmxI0=

querystring@0.2.0:
  version "0.2.0"
  resolved "https://registry.yarnpkg.com/querystring/-/querystring-0.2.0.tgz#b209849203bb25df820da756e747005878521620"
  integrity sha1-sgmEkgO7Jd+CDadW50cAWHhSFiA=

react-dom@^16.8.6:
  version "16.8.6"
  resolved "https://registry.yarnpkg.com/react-dom/-/react-dom-16.8.6.tgz#71d6303f631e8b0097f56165ef608f051ff6e10f"
  integrity sha512-1nL7PIq9LTL3fthPqwkvr2zY7phIPjYrT0jp4HjyEQrEROnw4dG41VVwi/wfoCneoleqrNX7iAD+pXebJZwrwA==
  dependencies:
    loose-envify "^1.1.0"
    object-assign "^4.1.1"
    prop-types "^15.6.2"
    scheduler "^0.13.6"

react-is@^16.8.1:
  version "16.8.6"
  resolved "https://registry.yarnpkg.com/react-is/-/react-is-16.8.6.tgz#5bbc1e2d29141c9fbdfed456343fe2bc430a6a16"
  integrity sha512-aUk3bHfZ2bRSVFFbbeVS4i+lNPZr3/WM5jT2J5omUVV1zzcs1nAaf3l51ctA5FFvCRbhrH0bdAsRRQddFJZPtA==

react@^16.8.6:
  version "16.8.6"
  resolved "https://registry.yarnpkg.com/react/-/react-16.8.6.tgz#ad6c3a9614fd3a4e9ef51117f54d888da01f2bbe"
  integrity sha512-pC0uMkhLaHm11ZSJULfOBqV4tIZkx87ZLvbbQYunNixAAvjnC+snJCg0XQXn9VIsttVsbZP/H/ewzgsd5fxKXw==
  dependencies:
    loose-envify "^1.1.0"
    object-assign "^4.1.1"
    prop-types "^15.6.2"
    scheduler "^0.13.6"

resolve@^1.3.2:
  version "1.10.1"
  resolved "https://registry.yarnpkg.com/resolve/-/resolve-1.10.1.tgz#664842ac960795bbe758221cdccda61fb64b5f18"
  integrity sha512-KuIe4mf++td/eFb6wkaPbMDnP6kObCaEtIDuHOUED6MNUo4K670KZUHuuvYPZDxNF0WVLw49n06M2m2dXphEzA==
  dependencies:
    path-parse "^1.0.6"

resource-loader@^2.2.4:
  version "2.2.4"
  resolved "https://registry.yarnpkg.com/resource-loader/-/resource-loader-2.2.4.tgz#9bf43dba59475d56be29c796399211ce0e96fd2d"
  integrity sha512-MrY0bEJN26us3h4bzJUSP0n4tFEb79lCpYBavtLjSezWCcXZMgxhSgvC9LxueuqpcxG+qPjhwFu5SQAcUNacdA==
  dependencies:
    mini-signals "^1.1.1"
    parse-uri "^1.0.0"

scheduler@^0.13.6:
  version "0.13.6"
  resolved "https://registry.yarnpkg.com/scheduler/-/scheduler-0.13.6.tgz#466a4ec332467b31a91b9bf74e5347072e4cd889"
  integrity sha512-IWnObHt413ucAYKsD9J1QShUKkbKLQQHdxRyw73sw4FN26iWr3DY/H34xGPe4nmL1DwXyWmSWmMrA9TfQbE/XQ==
  dependencies:
    loose-envify "^1.1.0"
    object-assign "^4.1.1"

semver@^5.3.0:
  version "5.7.0"
  resolved "https://registry.yarnpkg.com/semver/-/semver-5.7.0.tgz#790a7cf6fea5459bac96110b29b60412dc8ff96b"
  integrity sha512-Ya52jSX2u7QKghxeoFGpLwCtGlt7j0oY9DYb5apt9nPlJ42ID+ulTXESnt/qAQcoSERyZ5sl3LDIOw0nAn/5DA==

sprintf-js@~1.0.2:
  version "1.0.3"
  resolved "https://registry.yarnpkg.com/sprintf-js/-/sprintf-js-1.0.3.tgz#04e6926f662895354f3dd015203633b857297e2c"
  integrity sha1-BOaSb2YolTVPPdAVIDYzuFcpfiw=

supports-color@^5.3.0:
  version "5.5.0"
  resolved "https://registry.yarnpkg.com/supports-color/-/supports-color-5.5.0.tgz#e2e69a44ac8772f78a1ec0b35b689df6530efc8f"
  integrity sha512-QjVjwdXIt408MIiAqCX4oUKsgU2EqAGzs2Ppkm4aQYbjm+ZEWEcW4SfFNTr4uMNZma0ey4f5lgLrkB0aX0QMow==
  dependencies:
    has-flag "^3.0.0"

tsc@^1.20150623.0:
  version "1.20150623.0"
  resolved "https://registry.yarnpkg.com/tsc/-/tsc-1.20150623.0.tgz#4ebc3c774e169148cbc768a7342533f082c7a6e5"
  integrity sha1-Trw8d04WkUjLx2inNCUz8ILHpuU=

tslib@^1.8.0, tslib@^1.8.1:
  version "1.9.3"
  resolved "https://registry.yarnpkg.com/tslib/-/tslib-1.9.3.tgz#d7e4dd79245d85428c4d7e4822a79917954ca286"
  integrity sha512-4krF8scpejhaOgqzBEcGM7yDIEfi0/8+8zDRZhNZZ2kjmHJ4hv3zCbQWxoJGz1iw5U0Jl0nma13xzHXcncMavQ==

tslint@^5.16.0:
  version "5.16.0"
  resolved "https://registry.yarnpkg.com/tslint/-/tslint-5.16.0.tgz#ae61f9c5a98d295b9a4f4553b1b1e831c1984d67"
  integrity sha512-UxG2yNxJ5pgGwmMzPMYh/CCnCnh0HfPgtlVRDs1ykZklufFBL1ZoTlWFRz2NQjcoEiDoRp+JyT0lhBbbH/obyA==
  dependencies:
    "@babel/code-frame" "^7.0.0"
    builtin-modules "^1.1.1"
    chalk "^2.3.0"
    commander "^2.12.1"
    diff "^3.2.0"
    glob "^7.1.1"
    js-yaml "^3.13.0"
    minimatch "^3.0.4"
    mkdirp "^0.5.1"
    resolve "^1.3.2"
    semver "^5.3.0"
    tslib "^1.8.0"
    tsutils "^2.29.0"

tsutils@^2.29.0:
  version "2.29.0"
  resolved "https://registry.yarnpkg.com/tsutils/-/tsutils-2.29.0.tgz#32b488501467acbedd4b85498673a0812aca0b99"
  integrity sha512-g5JVHCIJwzfISaXpXE1qvNalca5Jwob6FjI4AoPlqMusJ6ftFE7IkkFoMhVLRgK+4Kx3gkzb8UZK5t5yTTvEmA==
  dependencies:
    tslib "^1.8.1"

typescript@^3.4.5:
  version "3.4.5"
  resolved "https://registry.yarnpkg.com/typescript/-/typescript-3.4.5.tgz#2d2618d10bb566572b8d7aad5180d84257d70a99"
  integrity sha512-YycBxUb49UUhdNMU5aJ7z5Ej2XGmaIBL0x34vZ82fn3hGvD+bgrMrVDpatgz2f7YxUMJxMkbWxJZeAvDxVe7Vw==

url@^0.11.0:
  version "0.11.0"
  resolved "https://registry.yarnpkg.com/url/-/url-0.11.0.tgz#3838e97cfc60521eb73c525a8e55bfdd9e2e28f1"
  integrity sha1-ODjpfPxgUh63PFJajlW/3Z4uKPE=
  dependencies:
    punycode "1.3.2"
    querystring "0.2.0"

wrappy@1:
  version "1.0.2"
  resolved "https://registry.yarnpkg.com/wrappy/-/wrappy-1.0.2.tgz#b5243d8f3ec1aa35f1364605bc0d1036e30ab69f"
  integrity sha1-tSQ9jz7BqjXxNkYFvA0QNuMKtp8=
